
Microsoft Visual Studio Solution File, Format Version 11.00
# Visual Studio 2010
Project("{FAE04EC0-301F-11D3-BF4B-00C04F79EFBC}") = "NexBusiness.Utilities.Mvc", "NexBusiness.Utilities.Mvc\NexBusiness.Utilities.Mvc.csproj", "{6E76D721-00F4-4139-A0AA-E2D2DE3283CF}"
EndProject
Global
	GlobalSection(SolutionConfigurationPlatforms) = preSolution
		Debug|Any CPU = Debug|Any CPU
		Release|Any CPU = Release|Any CPU
	EndGlobalSection
	GlobalSection(ProjectConfigurationPlatforms) = postSolution
		{6E76D721-00F4-4139-A0AA-E2D2DE3283CF}.Debug|Any CPU.ActiveCfg = Debug|Any CPU
		{6E76D721-00F4-4139-A0AA-E2D2DE3283CF}.Debug|Any CPU.Build.0 = Debug|Any CPU
		{6E76D721-00F4-4139-A0AA-E2D2DE3283CF}.Release|Any CPU.ActiveCfg = Release|Any CPU
		{6E76D721-00F4-4139-A0AA-E2D2DE3283CF}.Release|Any CPU.Build.0 = Release|Any CPU
	EndGlobalSection
	GlobalSection(SolutionProperties) = preSolution
		HideSolutionNode = FALSE
	EndGlobalSection
EndGlobal
